
Microsoft Visual Studio Solution File, Format Version 12.00
# Visual Studio Version 17
VisualStudioVersion = 17.3.32929.385
MinimumVisualStudioVersion = 10.0.40219.1
Project("{FAE04EC0-301F-11D3-BF4B-00C04F79EFBC}") = "ErrorHandler", "ErrorHandler\ErrorHandler.csproj", "{E1BD5825-9325-4DBE-BDF5-2B21A0A01276}"
EndProject
Global
	GlobalSection(SolutionConfigurationPlatforms) = preSolution
		Debug|Any CPU = Debug|Any CPU
		Release|Any CPU = Release|Any CPU
	EndGlobalSection
	GlobalSection(ProjectConfigurationPlatforms) = postSolution
		{E1BD5825-9325-4DBE-BDF5-2B21A0A01276}.Debug|Any CPU.ActiveCfg = Debug|Any CPU
		{E1BD5825-9325-4DBE-BDF5-2B21A0A01276}.Debug|Any CPU.Build.0 = Debug|Any CPU
		{E1BD5825-9325-4DBE-BDF5-2B21A0A01276}.Release|Any CPU.ActiveCfg = Release|Any CPU
		{E1BD5825-9325-4DBE-BDF5-2B21A0A01276}.Release|Any CPU.Build.0 = Release|Any CPU
	EndGlobalSection
	GlobalSection(SolutionProperties) = preSolution
		HideSolutionNode = FALSE
	EndGlobalSection
	GlobalSection(ExtensibilityGlobals) = postSolution
		SolutionGuid = {46DE6677-A091-4BF1-B85E-F7DACF510ADB}
	EndGlobalSection
EndGlobal
